
Microsoft Visual Studio Solution File, Format Version 10.00
# Visual C++ Express 2008
Project("{8BC9CEB8-8B4A-11D0-8D11-00A0C91BC942}") = "GraphicLoaders", "GraphicLoaders.vcproj", "{5CA41463-ECF0-4A36-BD0E-89C091AE71C1}"
EndProject
Global
	GlobalSection(SolutionConfigurationPlatforms) = preSolution
		Debug|Win32 = Debug|Win32
		Release|Win32 = Release|Win32
	EndGlobalSection
	GlobalSection(ProjectConfigurationPlatforms) = postSolution
		{5CA41463-ECF0-4A36-BD0E-89C091AE71C1}.Debug|Win32.ActiveCfg = Debug|Win32
		{5CA41463-ECF0-4A36-BD0E-89C091AE71C1}.Debug|Win32.Build.0 = Debug|Win32
		{5CA41463-ECF0-4A36-BD0E-89C091AE71C1}.Release|Win32.ActiveCfg = Release|Win32
		{5CA41463-ECF0-4A36-BD0E-89C091AE71C1}.Release|Win32.Build.0 = Release|Win32
	EndGlobalSection
	GlobalSection(SolutionProperties) = preSolution
		HideSolutionNode = FALSE
	EndGlobalSection
EndGlobal
